{
  "version": 4,
  "terraform_version": "1.10.4",
  "serial": 7,
  "lineage": "2591f339-c215-05c4-4d37-30185999cbc0",
  "outputs": {
    "cluster_endpoint": {
      "value": "35.184.238.180",
      "type": "string"
    },
    "cluster_name": {
      "value": "uofthacks12-cluster",
      "type": "string"
    },
    "location": {
      "value": "us-central1",
      "type": "string"
    }
  },
  "resources": [
    {
      "mode": "managed",
      "type": "google_container_cluster",
      "name": "my_gke_cluster",
      "provider": "provider[\"registry.terraform.io/hashicorp/google\"]",
      "instances": [
        {
          "schema_version": 1,
          "attributes": {
            "addons_config": [
              {
                "cloudrun_config": [],
                "config_connector_config": [],
                "dns_cache_config": [],
                "gce_persistent_disk_csi_driver_config": [
                  {
                    "enabled": true
                  }
                ],
                "gcp_filestore_csi_driver_config": [],
                "gcs_fuse_csi_driver_config": [],
                "gke_backup_agent_config": [],
                "horizontal_pod_autoscaling": [],
                "http_load_balancing": [],
                "network_policy_config": [
                  {
                    "disabled": true
                  }
                ]
              }
            ],
            "allow_net_admin": null,
            "authenticator_groups_config": [],
            "binary_authorization": [
              {
                "enabled": false,
                "evaluation_mode": ""
              }
            ],
            "cluster_autoscaling": [
              {
                "auto_provisioning_defaults": [],
                "enabled": false,
                "resource_limits": []
              }
            ],
            "cluster_ipv4_cidr": "10.25.0.0/16",
            "confidential_nodes": [],
            "cost_management_config": [],
            "database_encryption": [
              {
                "key_name": "",
                "state": "DECRYPTED"
              }
            ],
            "datapath_provider": "",
            "default_max_pods_per_node": 110,
            "default_snat_status": [
              {
                "disabled": false
              }
            ],
            "description": "",
            "dns_config": [],
            "enable_autopilot": false,
            "enable_binary_authorization": false,
            "enable_intranode_visibility": false,
            "enable_k8s_beta_apis": [],
            "enable_kubernetes_alpha": false,
            "enable_l4_ilb_subsetting": false,
            "enable_legacy_abac": false,
            "enable_shielded_nodes": true,
            "enable_tpu": false,
            "endpoint": "35.184.238.180",
            "gateway_api_config": [],
            "id": "projects/gen-lang-client-0154452540/locations/us-central1/clusters/uofthacks12-cluster",
            "initial_node_count": 1,
            "ip_allocation_policy": [
              {
                "additional_pod_ranges_config": [],
                "cluster_ipv4_cidr_block": "10.25.0.0/16",
                "cluster_secondary_range_name": "gke-uofthacks12-cluster-pods-ffd033a7",
                "pod_cidr_overprovision_config": [
                  {
                    "disabled": false
                  }
                ],
                "services_ipv4_cidr_block": "34.118.224.0/22",
                "services_secondary_range_name": "",
                "stack_type": "IPV4"
              }
            ],
            "label_fingerprint": "a9dc16a7",
            "location": "us-central1",
            "logging_config": [
              {
                "enable_components": [
                  "SYSTEM_COMPONENTS",
                  "WORKLOADS"
                ]
              }
            ],
            "logging_service": "logging.googleapis.com/kubernetes",
            "maintenance_policy": [],
            "master_auth": [
              {
                "client_certificate": "",
                "client_certificate_config": [
                  {
                    "issue_client_certificate": false
                  }
                ],
                "client_key": "",
                "cluster_ca_certificate": "LS0tLS1CRUdJTiBDRVJUSUZJQ0FURS0tLS0tCk1JSUVMRENDQXBTZ0F3SUJBZ0lRTkFOMUtCUmVuYmg4QmtOZExTVnRnREFOQmdrcWhraUc5dzBCQVFzRkFEQXYKTVMwd0t3WURWUVFERXlRd01tVmpZek5pTmkwM1lXUmxMVFEwWVRndE9EbGhZUzB4WTJRd1ptWmlaVFZsTmpJdwpJQmNOTWpVd01URTRNakl5T0RVd1doZ1BNakExTlRBeE1URXlNekk0TlRCYU1DOHhMVEFyQmdOVkJBTVRKREF5ClpXTmpNMkkyTFRkaFpHVXRORFJoT0MwNE9XRmhMVEZqWkRCbVptSmxOV1UyTWpDQ0FhSXdEUVlKS29aSWh2Y04KQVFFQkJRQURnZ0dQQURDQ0FZb0NnZ0dCQUtnaWlVODFlTUhLdjNjckNXblozOGlRcVRzZmZoR2F5ejBxYk9XYgpHeGF2TGlPZ2QyZDk2aDZXRUU0dDRJeUJuQys5a3VjbVpYa1NUcExmSzdZZFpLWWJEd1N3TGRGNEdBUXB2dmNzCjFDZHRHNkowWEIyK3p4ZlUxSDhkTHhxS3FjSHBjVHlrK3Q1MGhrNzlSYS9MYlV6Kzd1bUsvbXpOeUVSMzI5NXcKZjM4a00xaWN1Sm85U0JoQUN6WW5TTGJPVW9oT1Baak0rQnh3UFRMODE4eU1kd0hXWktqS3laZWlmcExpMmtsegpvQllpV09Wa1FnbWZZVk00b3F5clJkaXYwWXhicVAvWmNMR2VpRXpKNmZGRi9Dckd6Y0tKYVV2RW14Z29lRnM3CjQrMXM0WHQ5K2NQbk10aFcwd2NXWUh3VFhXUWZCMStXby9HQlVaMWlYeUgzUkRWWVk1elUxWnNtT0E3ZTVwVDIKYS93cGhtU2Vzd3JCQmZra0dqY1RwZkZFWGY0a0JaOGdNdDVObm9VUFJndXUxYWRxTER2amxSb3BERXFFVEx2ZwpiWFJHZ1U2YkdOUzFWT0huZERLbWszWjVZdXVjWjJZdHQ3ekxBSWQrK29TQWJvMnA5bTNmVkt2bmUwckRHSUJHCkk3SUczT2FvY3ljWnU0cUR5amQ1Wk0zREJRSURBUUFCbzBJd1FEQU9CZ05WSFE4QkFmOEVCQU1DQWdRd0R3WUQKVlIwVEFRSC9CQVV3QXdFQi96QWRCZ05WSFE0RUZnUVVlb20vL0YrT2lybHdTSFkyeGtTclVRTmowbE13RFFZSgpLb1pJaHZjTkFRRUxCUUFEZ2dHQkFEMWhHc1R5ZlpSZVJtQmlNd3RVekovU0NGQjl4MTJzM01SNTZ5WDZpNC8yCjBnWEFxYlNXQjdjVUFYSUZzREFPdCtrVkF5M1cwdkxMNU55S0RhaFUzNVVMSHAxeTlLZkt6TjBtR0VqeGltSEIKOWxRYkxyWmJsRk84RmM3Z1kwNmx3RFUyNTVuWVJmSEhPYURmODdya0ZyUzJHYXY1T3JqbkVSaHo1b2M2VlgwUwpuVENQMm5EZFQvMEFVYnpGdXhPNkFWRU1rVEdpMXl3a2gvK2g4ZU1YUnJOYVNMbTFNQVFyWk1zRmExaGp1cWdNCjMzNEEzM3dzMXp1VUxSRUJWNTlOSVI2WHFDVXlxMWJaNG5HK042c3BNYzh6V2t2bVF4T09KalBLQnphT2VEelAKZmdBZXVlUmU4MWtDQW1vaVp1V1Blc2I2RXFMRlBjNmw0MU96SzZYdnBraUo4QzlVaTRIT3dlK1hHanh0ZlFQdQpEaFpqQWxPcTFpT01yTXJiWitxcnVweUk0LzhYZmlScnhXVUJJTTVnUVdRc21QcitCOThuU2s2YmVMUUM0WEp1CkU1bFRlN0ZNalVJYi93UjM2WEt3WWo5OGliUjZUMkJwY2FDWTVhSGZ1bE11Q1FRUWNHcWowTTIyNm5tMlZBcGQKaUprOTd3S2Q2RDZLUFpCMXRYRHA4Zz09Ci0tLS0tRU5EIENFUlRJRklDQVRFLS0tLS0K"
              }
            ],
            "master_authorized_networks_config": [],
            "master_version": "1.30.8-gke.1051000",
            "mesh_certificates": [],
            "min_master_version": null,
            "monitoring_config": [
              {
                "advanced_datapath_observability_config": [
                  {
                    "enable_metrics": false,
                    "relay_mode": ""
                  }
                ],
                "enable_components": [
                  "SYSTEM_COMPONENTS",
                  "DAEMONSET",
                  "DEPLOYMENT",
                  "STATEFULSET",
                  "STORAGE",
                  "HPA",
                  "POD",
                  "KUBELET",
                  "CADVISOR"
                ],
                "managed_prometheus": [
                  {
                    "enabled": true
                  }
                ]
              }
            ],
            "monitoring_service": "monitoring.googleapis.com/kubernetes",
            "name": "uofthacks12-cluster",
            "network": "projects/gen-lang-client-0154452540/global/networks/default",
            "network_policy": [
              {
                "enabled": false,
                "provider": "PROVIDER_UNSPECIFIED"
              }
            ],
            "networking_mode": "VPC_NATIVE",
            "node_config": [],
            "node_locations": [
              "us-central1-b",
              "us-central1-c",
              "us-central1-f"
            ],
            "node_pool": [],
            "node_pool_auto_config": [],
            "node_pool_defaults": [
              {
                "node_config_defaults": [
                  {
                    "logging_variant": "DEFAULT"
                  }
                ]
              }
            ],
            "node_version": "1.30.8-gke.1051000",
            "notification_config": [
              {
                "pubsub": [
                  {
                    "enabled": false,
                    "filter": [],
                    "topic": ""
                  }
                ]
              }
            ],
            "operation": null,
            "private_cluster_config": [
              {
                "enable_private_endpoint": false,
                "enable_private_nodes": false,
                "master_global_access_config": [
                  {
                    "enabled": false
                  }
                ],
                "master_ipv4_cidr_block": "",
                "peering_name": "",
                "private_endpoint": "10.128.0.5",
                "private_endpoint_subnetwork": "",
                "public_endpoint": "35.184.238.180"
              }
            ],
            "private_ipv6_google_access": "",
            "project": "gen-lang-client-0154452540",
            "release_channel": [
              {
                "channel": "REGULAR"
              }
            ],
            "remove_default_node_pool": true,
            "resource_labels": null,
            "resource_usage_export_config": [],
            "security_posture_config": [
              {
                "mode": "BASIC",
                "vulnerability_mode": "VULNERABILITY_MODE_UNSPECIFIED"
              }
            ],
            "self_link": "https://container.googleapis.com/v1/projects/gen-lang-client-0154452540/locations/us-central1/clusters/uofthacks12-cluster",
            "service_external_ips_config": [
              {
                "enabled": false
              }
            ],
            "services_ipv4_cidr": "34.118.224.0/22",
            "subnetwork": "projects/gen-lang-client-0154452540/regions/us-central1/subnetworks/default",
            "timeouts": null,
            "tpu_ipv4_cidr_block": "",
            "vertical_pod_autoscaling": [],
            "workload_identity_config": []
          },
          "sensitive_attributes": [
            [
              {
                "type": "get_attr",
                "value": "master_auth"
              },
              {
                "type": "index",
                "value": {
                  "value": 0,
                  "type": "number"
                }
              },
              {
                "type": "get_attr",
                "value": "client_key"
              }
            ]
          ],
          "private": "eyJlMmJmYjczMC1lY2FhLTExZTYtOGY4OC0zNDM2M2JjN2M0YzAiOnsiY3JlYXRlIjoyNDAwMDAwMDAwMDAwLCJkZWxldGUiOjI0MDAwMDAwMDAwMDAsInJlYWQiOjI0MDAwMDAwMDAwMDAsInVwZGF0ZSI6MzYwMDAwMDAwMDAwMH0sInNjaGVtYV92ZXJzaW9uIjoiMSJ9"
        }
      ]
    },
    {
      "mode": "managed",
      "type": "google_container_node_pool",
      "name": "primary_nodes",
      "provider": "provider[\"registry.terraform.io/hashicorp/google\"]",
      "instances": [
        {
          "status": "tainted",
          "schema_version": 1,
          "attributes": {
            "autoscaling": [],
            "cluster": "uofthacks12-cluster",
            "id": "projects/gen-lang-client-0154452540/locations/us-central1/clusters/uofthacks12-cluster/nodePools/primary-node-pool",
            "initial_node_count": null,
            "instance_group_urls": null,
            "location": "us-central1",
            "managed_instance_group_urls": null,
            "management": null,
            "max_pods_per_node": null,
            "name": "primary-node-pool",
            "name_prefix": null,
            "network_config": null,
            "node_config": [
              {
                "advanced_machine_features": [],
                "boot_disk_kms_key": "",
                "confidential_nodes": [],
                "disk_size_gb": 0,
                "disk_type": "",
                "ephemeral_storage_local_ssd_config": [],
                "fast_socket": [],
                "gcfs_config": [],
                "guest_accelerator": [],
                "gvnic": [],
                "host_maintenance_policy": [],
                "image_type": "",
                "kubelet_config": [],
                "labels": {},
                "linux_node_config": [],
                "local_nvme_ssd_block_config": [],
                "local_ssd_count": 0,
                "logging_variant": "DEFAULT",
                "machine_type": "n1-standard-1",
                "metadata": {},
                "min_cpu_platform": "",
                "node_group": "",
                "oauth_scopes": [
                  "https://www.googleapis.com/auth/cloud-platform"
                ],
                "preemptible": false,
                "reservation_affinity": [],
                "resource_labels": null,
                "service_account": "gke-service-account@gen-lang-client-0154452540.iam.gserviceaccount.com",
                "shielded_instance_config": [],
                "sole_tenant_config": [],
                "spot": false,
                "tags": null,
                "taint": [],
                "workload_metadata_config": []
              }
            ],
            "node_count": 2,
            "node_locations": [],
            "operation": null,
            "placement_policy": [],
            "project": null,
            "timeouts": null,
            "upgrade_settings": null,
            "version": null
          },
          "sensitive_attributes": [],
          "private": "eyJlMmJmYjczMC1lY2FhLTExZTYtOGY4OC0zNDM2M2JjN2M0YzAiOnsiY3JlYXRlIjoxODAwMDAwMDAwMDAwLCJkZWxldGUiOjE4MDAwMDAwMDAwMDAsInVwZGF0ZSI6MTgwMDAwMDAwMDAwMH0sInNjaGVtYV92ZXJzaW9uIjoiMSJ9",
          "dependencies": [
            "google_container_cluster.my_gke_cluster",
            "google_service_account.gke_sa"
          ]
        }
      ]
    },
    {
      "mode": "managed",
      "type": "google_project_iam_member",
      "name": "gke_sa_roles",
      "provider": "provider[\"registry.terraform.io/hashicorp/google\"]",
      "instances": [
        {
          "schema_version": 0,
          "attributes": {
            "condition": [],
            "etag": "BwYsA14gpLI=",
            "id": "gen-lang-client-0154452540/roles/container.nodeServiceAccount/serviceAccount:gke-service-account@gen-lang-client-0154452540.iam.gserviceaccount.com",
            "member": "serviceAccount:gke-service-account@gen-lang-client-0154452540.iam.gserviceaccount.com",
            "project": "gen-lang-client-0154452540",
            "role": "roles/container.nodeServiceAccount"
          },
          "sensitive_attributes": [],
          "private": "bnVsbA==",
          "dependencies": [
            "google_service_account.gke_sa"
          ]
        }
      ]
    },
    {
      "mode": "managed",
      "type": "google_service_account",
      "name": "gke_sa",
      "provider": "provider[\"registry.terraform.io/hashicorp/google\"]",
      "instances": [
        {
          "schema_version": 0,
          "attributes": {
            "account_id": "gke-service-account",
            "description": "",
            "disabled": false,
            "display_name": "GKE Service Account",
            "email": "gke-service-account@gen-lang-client-0154452540.iam.gserviceaccount.com",
            "id": "projects/gen-lang-client-0154452540/serviceAccounts/gke-service-account@gen-lang-client-0154452540.iam.gserviceaccount.com",
            "member": "serviceAccount:gke-service-account@gen-lang-client-0154452540.iam.gserviceaccount.com",
            "name": "projects/gen-lang-client-0154452540/serviceAccounts/gke-service-account@gen-lang-client-0154452540.iam.gserviceaccount.com",
            "project": "gen-lang-client-0154452540",
            "timeouts": null,
            "unique_id": "101054473197273942310"
          },
          "sensitive_attributes": [],
          "private": "eyJlMmJmYjczMC1lY2FhLTExZTYtOGY4OC0zNDM2M2JjN2M0YzAiOnsiY3JlYXRlIjozMDAwMDAwMDAwMDB9fQ=="
        }
      ]
    }
  ],
  "check_results": null
}
